
Microsoft Visual Studio Solution File, Format Version 12.00
# Visual Studio Version 17
VisualStudioVersion = 17.7.34202.233
MinimumVisualStudioVersion = 10.0.40219.1
Project("{9092AA53-FB77-4645-B42D-1CCCA6BD08BD}") = "hackonBackend", "hackonBackend.njsproj", "{5BD59ACD-346E-4B3F-9346-10711D35C1F3}"
EndProject
Global
	GlobalSection(SolutionConfigurationPlatforms) = preSolution
		Debug|Any CPU = Debug|Any CPU
		Release|Any CPU = Release|Any CPU
	EndGlobalSection
	GlobalSection(ProjectConfigurationPlatforms) = postSolution
		{5BD59ACD-346E-4B3F-9346-10711D35C1F3}.Debug|Any CPU.ActiveCfg = Debug|Any CPU
		{5BD59ACD-346E-4B3F-9346-10711D35C1F3}.Debug|Any CPU.Build.0 = Debug|Any CPU
		{5BD59ACD-346E-4B3F-9346-10711D35C1F3}.Release|Any CPU.ActiveCfg = Release|Any CPU
		{5BD59ACD-346E-4B3F-9346-10711D35C1F3}.Release|Any CPU.Build.0 = Release|Any CPU
	EndGlobalSection
	GlobalSection(SolutionProperties) = preSolution
		HideSolutionNode = FALSE
	EndGlobalSection
	GlobalSection(ExtensibilityGlobals) = postSolution
		SolutionGuid = {798FEC10-B497-405B-A40B-E3E20FF7A187}
	EndGlobalSection
EndGlobal
